
Microsoft Visual Studio Solution File, Format Version 12.00
# Visual Studio Version 17
VisualStudioVersion = 17.3.32929.385
MinimumVisualStudioVersion = 10.0.40219.1
Project("{FAE04EC0-301F-11D3-BF4B-00C04F79EFBC}") = "Calculadora", "Calculadora.csproj", "{A0972A8B-5E4B-4F98-8F68-308310F97ED5}"
EndProject
Global
	GlobalSection(SolutionConfigurationPlatforms) = preSolution
		Debug|Any CPU = Debug|Any CPU
		Release|Any CPU = Release|Any CPU
	EndGlobalSection
	GlobalSection(ProjectConfigurationPlatforms) = postSolution
		{A0972A8B-5E4B-4F98-8F68-308310F97ED5}.Debug|Any CPU.ActiveCfg = Debug|Any CPU
		{A0972A8B-5E4B-4F98-8F68-308310F97ED5}.Debug|Any CPU.Build.0 = Debug|Any CPU
		{A0972A8B-5E4B-4F98-8F68-308310F97ED5}.Release|Any CPU.ActiveCfg = Release|Any CPU
		{A0972A8B-5E4B-4F98-8F68-308310F97ED5}.Release|Any CPU.Build.0 = Release|Any CPU
	EndGlobalSection
	GlobalSection(SolutionProperties) = preSolution
		HideSolutionNode = FALSE
	EndGlobalSection
	GlobalSection(ExtensibilityGlobals) = postSolution
		SolutionGuid = {E4460BAE-6EDF-4FC7-8B5C-89B314F24905}
	EndGlobalSection
EndGlobal
